// !$*UTF8*$!
{
	archiveVersion = 1;
	classes = {
	};
	objectVersion = 77;
	objects = {

/* Begin PBXContainerItemProxy section */
		FF6D7AA22CA69DE700277118 /* PBXContainerItemProxy */ = {
			isa = PBXContainerItemProxy;
			containerPortal = FF6D7A832CA69DE500277118 /* Project object */;
			proxyType = 1;
			remoteGlobalIDString = FF6D7A8A2CA69DE500277118;
			remoteInfo = TestTabBar;
		};
		FF6D7AAC2CA69DE700277118 /* PBXContainerItemProxy */ = {
			isa = PBXContainerItemProxy;
			containerPortal = FF6D7A832CA69DE500277118 /* Project object */;
			proxyType = 1;
			remoteGlobalIDString = FF6D7A8A2CA69DE500277118;
			remoteInfo = TestTabBar;
		};
/* End PBXContainerItemProxy section */

/* Begin PBXFileReference section */
		FF6D7A8B2CA69DE500277118 /* TestTabBar.app */ = {isa = PBXFileReference; explicitFileType = wrapper.application; includeInIndex = 0; path = TestTabBar.app; sourceTree = BUILT_PRODUCTS_DIR; };
		FF6D7AA12CA69DE700277118 /* TestTabBarTests.xctest */ = {isa = PBXFileReference; explicitFileType = wrapper.cfbundle; includeInIndex = 0; path = TestTabBarTests.xctest; sourceTree = BUILT_PRODUCTS_DIR; };
		FF6D7AAB2CA69DE700277118 /* TestTabBarUITests.xctest */ = {isa = PBXFileReference; explicitFileType = wrapper.cfbundle; includeInIndex = 0; path = TestTabBarUITests.xctest; sourceTree = BUILT_PRODUCTS_DIR; };
/* End PBXFileReference section */

/* Begin PBXFileSystemSynchronizedBuildFileExceptionSet section */
		FF6D7AB32CA69DE700277118 /* Exceptions for "TestTabBar" folder in "TestTabBar" target */ = {
			isa = PBXFileSystemSynchronizedBuildFileExceptionSet;
			membershipExceptions = (
				Info.plist,
			);
			target = FF6D7A8A2CA69DE500277118 /* TestTabBar */;
		};
/* End PBXFileSystemSynchronizedBuildFileExceptionSet section */

/* Begin PBXFileSystemSynchronizedRootGroup section */
		FF6D7A8D2CA69DE500277118 /* TestTabBar */ = {
			isa = PBXFileSystemSynchronizedRootGroup;
			exceptions = (
				FF6D7AB32CA69DE700277118 /* Exceptions for "TestTabBar" folder in "TestTabBar" target */,
			);
			path = TestTabBar;
			sourceTree = "<group>";
		};
		FF6D7AA42CA69DE700277118 /* TestTabBarTests */ = {
			isa = PBXFileSystemSynchronizedRootGroup;
			path = TestTabBarTests;
			sourceTree = "<group>";
		};
		FF6D7AAE2CA69DE700277118 /* TestTabBarUITests */ = {
			isa = PBXFileSystemSynchronizedRootGroup;
			path = TestTabBarUITests;
			sourceTree = "<group>";
		};
/* End PBXFileSystemSynchronizedRootGroup section */

/* Begin PBXFrameworksBuildPhase section */
		FF6D7A882CA69DE500277118 /* Frameworks */ = {
			isa = PBXFrameworksBuildPhase;
			buildActionMask = 2147483647;
			files = (
			);
			runOnlyForDeploymentPostprocessing = 0;
		};
		FF6D7A9E2CA69DE700277118 /* Frameworks */ = {
			isa = PBXFrameworksBuildPhase;
			buildActionMask = 2147483647;
			files = (
			);
			runOnlyForDeploymentPostprocessing = 0;
		};
		FF6D7AA82CA69DE700277118 /* Frameworks */ = {
			isa = PBXFrameworksBuildPhase;
			buildActionMask = 2147483647;
			files = (
			);
			runOnlyForDeploymentPostprocessing = 0;
		};
/* End PBXFrameworksBuildPhase section */

/* Begin PBXGroup section */
		FF6D7A822CA69DE500277118 = {
			isa = PBXGroup;
			children = (
				FF6D7A8D2CA69DE500277118 /* TestTabBar */,
				FF6D7AA42CA69DE700277118 /* TestTabBarTests */,
				FF6D7AAE2CA69DE700277118 /* TestTabBarUITests */,
				FF6D7A8C2CA69DE500277118 /* Products */,
			);
			sourceTree = "<group>";
		};
		FF6D7A8C2CA69DE500277118 /* Products */ = {
			isa = PBXGroup;
			children = (
				FF6D7A8B2CA69DE500277118 /* TestTabBar.app */,
				FF6D7AA12CA69DE700277118 /* TestTabBarTests.xctest */,
				FF6D7AAB2CA69DE700277118 /* TestTabBarUITests.xctest */,
			);
			name = Products;
			sourceTree = "<group>";
		};
/* End PBXGroup section */

/* Begin PBXNativeTarget section */
		FF6D7A8A2CA69DE500277118 /* TestTabBar */ = {
			isa = PBXNativeTarget;
			buildConfigurationList = FF6D7AB42CA69DE700277118 /* Build configuration list for PBXNativeTarget "TestTabBar" */;
			buildPhases = (
				FF6D7A872CA69DE500277118 /* Sources */,
				FF6D7A882CA69DE500277118 /* Frameworks */,
				FF6D7A892CA69DE500277118 /* Resources */,
			);
			buildRules = (
			);
			dependencies = (
			);
			fileSystemSynchronizedGroups = (
				FF6D7A8D2CA69DE500277118 /* TestTabBar */,
			);
			name = TestTabBar;
			packageProductDependencies = (
			);
			productName = TestTabBar;
			productReference = FF6D7A8B2CA69DE500277118 /* TestTabBar.app */;
			productType = "com.apple.product-type.application";
		};
		FF6D7AA02CA69DE700277118 /* TestTabBarTests */ = {
			isa = PBXNativeTarget;
			buildConfigurationList = FF6D7AB92CA69DE700277118 /* Build configuration list for PBXNativeTarget "TestTabBarTests" */;
			buildPhases = (
				FF6D7A9D2CA69DE700277118 /* Sources */,
				FF6D7A9E2CA69DE700277118 /* Frameworks */,
				FF6D7A9F2CA69DE700277118 /* Resources */,
			);
			buildRules = (
			);
			dependencies = (
				FF6D7AA32CA69DE700277118 /* PBXTargetDependency */,
			);
			fileSystemSynchronizedGroups = (
				FF6D7AA42CA69DE700277118 /* TestTabBarTests */,
			);
			name = TestTabBarTests;
			packageProductDependencies = (
			);
			productName = TestTabBarTests;
			productReference = FF6D7AA12CA69DE700277118 /* TestTabBarTests.xctest */;
			productType = "com.apple.product-type.bundle.unit-test";
		};
		FF6D7AAA2CA69DE700277118 /* TestTabBarUITests */ = {
			isa = PBXNativeTarget;
			buildConfigurationList = FF6D7ABC2CA69DE700277118 /* Build configuration list for PBXNativeTarget "TestTabBarUITests" */;
			buildPhases = (
				FF6D7AA72CA69DE700277118 /* Sources */,
				FF6D7AA82CA69DE700277118 /* Frameworks */,
				FF6D7AA92CA69DE700277118 /* Resources */,
			);
			buildRules = (
			);
			dependencies = (
				FF6D7AAD2CA69DE700277118 /* PBXTargetDependency */,
			);
			fileSystemSynchronizedGroups = (
				FF6D7AAE2CA69DE700277118 /* TestTabBarUITests */,
			);
			name = TestTabBarUITests;
			packageProductDependencies = (
			);
			productName = TestTabBarUITests;
			productReference = FF6D7AAB2CA69DE700277118 /* TestTabBarUITests.xctest */;
			productType = "com.apple.product-type.bundle.ui-testing";
		};
/* End PBXNativeTarget section */

/* Begin PBXProject section */
		FF6D7A832CA69DE500277118 /* Project object */ = {
			isa = PBXProject;
			attributes = {
				BuildIndependentTargetsInParallel = 1;
				LastSwiftUpdateCheck = 1600;
				LastUpgradeCheck = 1600;
				TargetAttributes = {
					FF6D7A8A2CA69DE500277118 = {
						CreatedOnToolsVersion = 16.0;
					};
					FF6D7AA02CA69DE700277118 = {
						CreatedOnToolsVersion = 16.0;
						TestTargetID = FF6D7A8A2CA69DE500277118;
					};
					FF6D7AAA2CA69DE700277118 = {
						CreatedOnToolsVersion = 16.0;
						TestTargetID = FF6D7A8A2CA69DE500277118;
					};
				};
			};
			buildConfigurationList = FF6D7A862CA69DE500277118 /* Build configuration list for PBXProject "TestTabBar" */;
			developmentRegion = en;
			hasScannedForEncodings = 0;
			knownRegions = (
				en,
				Base,
			);
			mainGroup = FF6D7A822CA69DE500277118;
			minimizedProjectReferenceProxies = 1;
			preferredProjectObjectVersion = 77;
			productRefGroup = FF6D7A8C2CA69DE500277118 /* Products */;
			projectDirPath = "";
			projectRoot = "";
			targets = (
				FF6D7A8A2CA69DE500277118 /* TestTabBar */,
				FF6D7AA02CA69DE700277118 /* TestTabBarTests */,
				FF6D7AAA2CA69DE700277118 /* TestTabBarUITests */,
			);
		};
/* End PBXProject section */

/* Begin PBXResourcesBuildPhase section */
		FF6D7A892CA69DE500277118 /* Resources */ = {
			isa = PBXResourcesBuildPhase;
			buildActionMask = 2147483647;
			files = (
			);
			runOnlyForDeploymentPostprocessing = 0;
		};
		FF6D7A9F2CA69DE700277118 /* Resources */ = {
			isa = PBXResourcesBuildPhase;
			buildActionMask = 2147483647;
			files = (
			);
			runOnlyForDeploymentPostprocessing = 0;
		};
		FF6D7AA92CA69DE700277118 /* Resources */ = {
			isa = PBXResourcesBuildPhase;
			buildActionMask = 2147483647;
			files = (
			);
			runOnlyForDeploymentPostprocessing = 0;
		};
/* End PBXResourcesBuildPhase section */

/* Begin PBXSourcesBuildPhase section */
		FF6D7A872CA69DE500277118 /* Sources */ = {
			isa = PBXSourcesBuildPhase;
			buildActionMask = 2147483647;
			files = (
			);
			runOnlyForDeploymentPostprocessing = 0;
		};
		FF6D7A9D2CA69DE700277118 /* Sources */ = {
			isa = PBXSourcesBuildPhase;
			buildActionMask = 2147483647;
			files = (
			);
			runOnlyForDeploymentPostprocessing = 0;
		};
		FF6D7AA72CA69DE700277118 /* Sources */ = {
			isa = PBXSourcesBuildPhase;
			buildActionMask = 2147483647;
			files = (
			);
			runOnlyForDeploymentPostprocessing = 0;
		};
/* End PBXSourcesBuildPhase section */

/* Begin PBXTargetDependency section */
		FF6D7AA32CA69DE700277118 /* PBXTargetDependency */ = {
			isa = PBXTargetDependency;
			target = FF6D7A8A2CA69DE500277118 /* TestTabBar */;
			targetProxy = FF6D7AA22CA69DE700277118 /* PBXContainerItemProxy */;
		};
		FF6D7AAD2CA69DE700277118 /* PBXTargetDependency */ = {
			isa = PBXTargetDependency;
			target = FF6D7A8A2CA69DE500277118 /* TestTabBar */;
			targetProxy = FF6D7AAC2CA69DE700277118 /* PBXContainerItemProxy */;
		};
/* End PBXTargetDependency section */

/* Begin XCBuildConfiguration section */
		FF6D7AB52CA69DE700277118 /* Debug */ = {
			isa = XCBuildConfiguration;
			buildSettings = {
				ASSETCATALOG_COMPILER_APPICON_NAME = AppIcon;
				ASSETCATALOG_COMPILER_GLOBAL_ACCENT_COLOR_NAME = AccentColor;
				CODE_SIGN_STYLE = Automatic;
				CURRENT_PROJECT_VERSION = 1;
				DEVELOPMENT_TEAM = 59S3R8W5F3;
				GENERATE_INFOPLIST_FILE = YES;
				INFOPLIST_FILE = TestTabBar/Info.plist;
				INFOPLIST_KEY_UIApplicationSupportsIndirectInputEvents = YES;
				INFOPLIST_KEY_UILaunchStoryboardName = LaunchScreen;
				INFOPLIST_KEY_UIMainStoryboardFile = Main;
				INFOPLIST_KEY_UISupportedInterfaceOrientations_iPad = "UIInterfaceOrientationPortrait UIInterfaceOrientationPortraitUpsideDown UIInterfaceOrientationLandscapeLeft UIInterfaceOrientationLandscapeRight";
				INFOPLIST_KEY_UISupportedInterfaceOrientations_iPhone = "UIInterfaceOrientationPortrait UIInterfaceOrientationLandscapeLeft UIInterfaceOrientationLandscapeRight";
				LD_RUNPATH_SEARCH_PATHS = (
					"$(inherited)",
					"@executable_path/Frameworks",
				);
				MARKETING_VERSION = 1.0;
				PRODUCT_BUNDLE_IDENTIFIER = co.wealthx.wealthx.TestTabBar;
				PRODUCT_NAME = "$(TARGET_NAME)";
				SWIFT_EMIT_LOC_STRINGS = YES;
				SWIFT_VERSION = 5.0;
				TARGETED_DEVICE_FAMILY = "1,2";
			};
			name = Debug;
		};
		FF6D7AB62CA69DE700277118 /* Release */ = {
			isa = XCBuildConfiguration;
			buildSettings = {
				ASSETCATALOG_COMPILER_APPICON_NAME = AppIcon;
				ASSETCATALOG_COMPILER_GLOBAL_ACCENT_COLOR_NAME = AccentColor;
				CODE_SIGN_STYLE = Automatic;
				CURRENT_PROJECT_VERSION = 1;
				DEVELOPMENT_TEAM = 59S3R8W5F3;
				GENERATE_INFOPLIST_FILE = YES;
				INFOPLIST_FILE = TestTabBar/Info.plist;
				INFOPLIST_KEY_UIApplicationSupportsIndirectInputEvents = YES;
				INFOPLIST_KEY_UILaunchStoryboardName = LaunchScreen;
				INFOPLIST_KEY_UIMainStoryboardFile = Main;
				INFOPLIST_KEY_UISupportedInterfaceOrientations_iPad = "UIInterfaceOrientationPortrait UIInterfaceOrientationPortraitUpsideDown UIInterfaceOrientationLandscapeLeft UIInterfaceOrientationLandscapeRight";
				INFOPLIST_KEY_UISupportedInterfaceOrientations_iPhone = "UIInterfaceOrientationPortrait UIInterfaceOrientationLandscapeLeft UIInterfaceOrientationLandscapeRight";
				LD_RUNPATH_SEARCH_PATHS = (
					"$(inherited)",
					"@executable_path/Frameworks",
				);
				MARKETING_VERSION = 1.0;
				PRODUCT_BUNDLE_IDENTIFIER = co.wealthx.wealthx.TestTabBar;
				PRODUCT_NAME = "$(TARGET_NAME)";
				SWIFT_EMIT_LOC_STRINGS = YES;
				SWIFT_VERSION = 5.0;
				TARGETED_DEVICE_FAMILY = "1,2";
			};
			name = Release;
		};
		FF6D7AB72CA69DE700277118 /* Debug */ = {
			isa = XCBuildConfiguration;
			buildSettings = {
				ALWAYS_SEARCH_USER_PATHS = NO;
				ASSETCATALOG_COMPILER_GENERATE_SWIFT_ASSET_SYMBOL_EXTENSIONS = YES;
				CLANG_ANALYZER_NONNULL = YES;
				CLANG_ANALYZER_NUMBER_OBJECT_CONVERSION = YES_AGGRESSIVE;
				CLANG_CXX_LANGUAGE_STANDARD = "gnu++20";
				CLANG_ENABLE_MODULES = YES;
				CLANG_ENABLE_OBJC_ARC = YES;
				CLANG_ENABLE_OBJC_WEAK = YES;
				CLANG_WARN_BLOCK_CAPTURE_AUTORELEASING = YES;
				CLANG_WARN_BOOL_CONVERSION = YES;
				CLANG_WARN_COMMA = YES;
				CLANG_WARN_CONSTANT_CONVERSION = YES;
				CLANG_WARN_DEPRECATED_OBJC_IMPLEMENTATIONS = YES;
				CLANG_WARN_DIRECT_OBJC_ISA_USAGE = YES_ERROR;
				CLANG_WARN_DOCUMENTATION_COMMENTS = YES;
				CLANG_WARN_EMPTY_BODY = YES;
				CLANG_WARN_ENUM_CONVERSION = YES;
				CLANG_WARN_INFINITE_RECURSION = YES;
				CLANG_WARN_INT_CONVERSION = YES;
				CLANG_WARN_NON_LITERAL_NULL_CONVERSION = YES;
				CLANG_WARN_OBJC_IMPLICIT_RETAIN_SELF = YES;
				CLANG_WARN_OBJC_LITERAL_CONVERSION = YES;
				CLANG_WARN_OBJC_ROOT_CLASS = YES_ERROR;
				CLANG_WARN_QUOTED_INCLUDE_IN_FRAMEWORK_HEADER = YES;
				CLANG_WARN_RANGE_LOOP_ANALYSIS = YES;
				CLANG_WARN_STRICT_PROTOTYPES = YES;
				CLANG_WARN_SUSPICIOUS_MOVE = YES;
				CLANG_WARN_UNGUARDED_AVAILABILITY = YES_AGGRESSIVE;
				CLANG_WARN_UNREACHABLE_CODE = YES;
				CLANG_WARN__DUPLICATE_METHOD_MATCH = YES;
				COPY_PHASE_STRIP = NO;
				DEBUG_INFORMATION_FORMAT = dwarf;
				ENABLE_STRICT_OBJC_MSGSEND = YES;
				ENABLE_TESTABILITY = YES;
				ENABLE_USER_SCRIPT_SANDBOXING = YES;
				GCC_C_LANGUAGE_STANDARD = gnu17;
				GCC_DYNAMIC_NO_PIC = NO;
				GCC_NO_COMMON_BLOCKS = YES;
				GCC_OPTIMIZATION_LEVEL = 0;
				GCC_PREPROCESSOR_DEFINITIONS = (
					"DEBUG=1",
					"$(inherited)",
				);
				GCC_WARN_64_TO_32_BIT_CONVERSION = YES;
				GCC_WARN_ABOUT_RETURN_TYPE = YES_ERROR;
				GCC_WARN_UNDECLARED_SELECTOR = YES;
				GCC_WARN_UNINITIALIZED_AUTOS = YES_AGGRESSIVE;
				GCC_WARN_UNUSED_FUNCTION = YES;
				GCC_WARN_UNUSED_VARIABLE = YES;
				IPHONEOS_DEPLOYMENT_TARGET = 18.0;
				LOCALIZATION_PREFERS_STRING_CATALOGS = YES;
				MTL_ENABLE_DEBUG_INFO = INCLUDE_SOURCE;
				MTL_FAST_MATH = YES;
				ONLY_ACTIVE_ARCH = YES;
				SDKROOT = iphoneos;
				SWIFT_ACTIVE_COMPILATION_CONDITIONS = "DEBUG $(inherited)";
				SWIFT_OPTIMIZATION_LEVEL = "-Onone";
			};
			name = Debug;
		};
		FF6D7AB82CA69DE700277118 /* Release */ = {
			isa = XCBuildConfiguration;
			buildSettings = {
				ALWAYS_SEARCH_USER_PATHS = NO;
				ASSETCATALOG_COMPILER_GENERATE_SWIFT_ASSET_SYMBOL_EXTENSIONS = YES;
				CLANG_ANALYZER_NONNULL = YES;
				CLANG_ANALYZER_NUMBER_OBJECT_CONVERSION = YES_AGGRESSIVE;
				CLANG_CXX_LANGUAGE_STANDARD = "gnu++20";
				CLANG_ENABLE_MODULES = YES;
				CLANG_ENABLE_OBJC_ARC = YES;
				CLANG_ENABLE_OBJC_WEAK = YES;
				CLANG_WARN_BLOCK_CAPTURE_AUTORELEASING = YES;
				CLANG_WARN_BOOL_CONVERSION = YES;
				CLANG_WARN_COMMA = YES;
				CLANG_WARN_CONSTANT_CONVERSION = YES;
				CLANG_WARN_DEPRECATED_OBJC_IMPLEMENTATIONS = YES;
				CLANG_WARN_DIRECT_OBJC_ISA_USAGE = YES_ERROR;
				CLANG_WARN_DOCUMENTATION_COMMENTS = YES;
				CLANG_WARN_EMPTY_BODY = YES;
				CLANG_WARN_ENUM_CONVERSION = YES;
				CLANG_WARN_INFINITE_RECURSION = YES;
				CLANG_WARN_INT_CONVERSION = YES;
				CLANG_WARN_NON_LITERAL_NULL_CONVERSION = YES;
				CLANG_WARN_OBJC_IMPLICIT_RETAIN_SELF = YES;
				CLANG_WARN_OBJC_LITERAL_CONVERSION = YES;
				CLANG_WARN_OBJC_ROOT_CLASS = YES_ERROR;
				CLANG_WARN_QUOTED_INCLUDE_IN_FRAMEWORK_HEADER = YES;
				CLANG_WARN_RANGE_LOOP_ANALYSIS = YES;
				CLANG_WARN_STRICT_PROTOTYPES = YES;
				CLANG_WARN_SUSPICIOUS_MOVE = YES;
				CLANG_WARN_UNGUARDED_AVAILABILITY = YES_AGGRESSIVE;
				CLANG_WARN_UNREACHABLE_CODE = YES;
				CLANG_WARN__DUPLICATE_METHOD_MATCH = YES;
				COPY_PHASE_STRIP = NO;
				DEBUG_INFORMATION_FORMAT = "dwarf-with-dsym";
				ENABLE_NS_ASSERTIONS = NO;
				ENABLE_STRICT_OBJC_MSGSEND = YES;
				ENABLE_USER_SCRIPT_SANDBOXING = YES;
				GCC_C_LANGUAGE_STANDARD = gnu17;
				GCC_NO_COMMON_BLOCKS = YES;
				GCC_WARN_64_TO_32_BIT_CONVERSION = YES;
				GCC_WARN_ABOUT_RETURN_TYPE = YES_ERROR;
				GCC_WARN_UNDECLARED_SELECTOR = YES;
				GCC_WARN_UNINITIALIZED_AUTOS = YES_AGGRESSIVE;
				GCC_WARN_UNUSED_FUNCTION = YES;
				GCC_WARN_UNUSED_VARIABLE = YES;
				IPHONEOS_DEPLOYMENT_TARGET = 18.0;
				LOCALIZATION_PREFERS_STRING_CATALOGS = YES;
				MTL_ENABLE_DEBUG_INFO = NO;
				MTL_FAST_MATH = YES;
				SDKROOT = iphoneos;
				SWIFT_COMPILATION_MODE = wholemodule;
				VALIDATE_PRODUCT = YES;
			};
			name = Release;
		};
		FF6D7ABA2CA69DE700277118 /* Debug */ = {
			isa = XCBuildConfiguration;
			buildSettings = {
				BUNDLE_LOADER = "$(TEST_HOST)";
				CODE_SIGN_STYLE = Automatic;
				CURRENT_PROJECT_VERSION = 1;
				DEVELOPMENT_TEAM = 59S3R8W5F3;
				GENERATE_INFOPLIST_FILE = YES;
				IPHONEOS_DEPLOYMENT_TARGET = 18.0;
				MARKETING_VERSION = 1.0;
				PRODUCT_BUNDLE_IDENTIFIER = co.wealthx.wealthx.TestTabBarTests;
				PRODUCT_NAME = "$(TARGET_NAME)";
				SWIFT_EMIT_LOC_STRINGS = NO;
				SWIFT_VERSION = 5.0;
				TARGETED_DEVICE_FAMILY = "1,2";
				TEST_HOST = "$(BUILT_PRODUCTS_DIR)/TestTabBar.app/$(BUNDLE_EXECUTABLE_FOLDER_PATH)/TestTabBar";
			};
			name = Debug;
		};
		FF6D7ABB2CA69DE700277118 /* Release */ = {
			isa = XCBuildConfiguration;
			buildSettings = {
				BUNDLE_LOADER = "$(TEST_HOST)";
				CODE_SIGN_STYLE = Automatic;
				CURRENT_PROJECT_VERSION = 1;
				DEVELOPMENT_TEAM = 59S3R8W5F3;
				GENERATE_INFOPLIST_FILE = YES;
				IPHONEOS_DEPLOYMENT_TARGET = 18.0;
				MARKETING_VERSION = 1.0;
				PRODUCT_BUNDLE_IDENTIFIER = co.wealthx.wealthx.TestTabBarTests;
				PRODUCT_NAME = "$(TARGET_NAME)";
				SWIFT_EMIT_LOC_STRINGS = NO;
				SWIFT_VERSION = 5.0;
				TARGETED_DEVICE_FAMILY = "1,2";
				TEST_HOST = "$(BUILT_PRODUCTS_DIR)/TestTabBar.app/$(BUNDLE_EXECUTABLE_FOLDER_PATH)/TestTabBar";
			};
			name = Release;
		};
		FF6D7ABD2CA69DE700277118 /* Debug */ = {
			isa = XCBuildConfiguration;
			buildSettings = {
				CODE_SIGN_STYLE = Automatic;
				CURRENT_PROJECT_VERSION = 1;
				DEVELOPMENT_TEAM = 59S3R8W5F3;
				GENERATE_INFOPLIST_FILE = YES;
				MARKETING_VERSION = 1.0;
				PRODUCT_BUNDLE_IDENTIFIER = co.wealthx.wealthx.TestTabBarUITests;
				PRODUCT_NAME = "$(TARGET_NAME)";
				SWIFT_EMIT_LOC_STRINGS = NO;
				SWIFT_VERSION = 5.0;
				TARGETED_DEVICE_FAMILY = "1,2";
				TEST_TARGET_NAME = TestTabBar;
			};
			name = Debug;
		};
		FF6D7ABE2CA69DE700277118 /* Release */ = {
			isa = XCBuildConfiguration;
			buildSettings = {
				CODE_SIGN_STYLE = Automatic;
				CURRENT_PROJECT_VERSION = 1;
				DEVELOPMENT_TEAM = 59S3R8W5F3;
				GENERATE_INFOPLIST_FILE = YES;
				MARKETING_VERSION = 1.0;
				PRODUCT_BUNDLE_IDENTIFIER = co.wealthx.wealthx.TestTabBarUITests;
				PRODUCT_NAME = "$(TARGET_NAME)";
				SWIFT_EMIT_LOC_STRINGS = NO;
				SWIFT_VERSION = 5.0;
				TARGETED_DEVICE_FAMILY = "1,2";
				TEST_TARGET_NAME = TestTabBar;
			};
			name = Release;
		};
/* End XCBuildConfiguration section */

/* Begin XCConfigurationList section */
		FF6D7A862CA69DE500277118 /* Build configuration list for PBXProject "TestTabBar" */ = {
			isa = XCConfigurationList;
			buildConfigurations = (
				FF6D7AB72CA69DE700277118 /* Debug */,
				FF6D7AB82CA69DE700277118 /* Release */,
			);
			defaultConfigurationIsVisible = 0;
			defaultConfigurationName = Release;
		};
		FF6D7AB42CA69DE700277118 /* Build configuration list for PBXNativeTarget "TestTabBar" */ = {
			isa = XCConfigurationList;
			buildConfigurations = (
				FF6D7AB52CA69DE700277118 /* Debug */,
				FF6D7AB62CA69DE700277118 /* Release */,
			);
			defaultConfigurationIsVisible = 0;
			defaultConfigurationName = Release;
		};
		FF6D7AB92CA69DE700277118 /* Build configuration list for PBXNativeTarget "TestTabBarTests" */ = {
			isa = XCConfigurationList;
			buildConfigurations = (
				FF6D7ABA2CA69DE700277118 /* Debug */,
				FF6D7ABB2CA69DE700277118 /* Release */,
			);
			defaultConfigurationIsVisible = 0;
			defaultConfigurationName = Release;
		};
		FF6D7ABC2CA69DE700277118 /* Build configuration list for PBXNativeTarget "TestTabBarUITests" */ = {
			isa = XCConfigurationList;
			buildConfigurations = (
				FF6D7ABD2CA69DE700277118 /* Debug */,
				FF6D7ABE2CA69DE700277118 /* Release */,
			);
			defaultConfigurationIsVisible = 0;
			defaultConfigurationName = Release;
		};
/* End XCConfigurationList section */
	};
	rootObject = FF6D7A832CA69DE500277118 /* Project object */;
}
